{
  "name": "multiple-version-example",
  "requires": true,
  "lockfileVersion": 1,
  "dependencies": {
    "elix": {
      "version": "github:elix/elix#fe2608ccf503f462986f8b82d6c3a352fa750626",
      "from": "github:elix/elix#master"
    },
    "elix2": {
      "version": "github:elix/elix#98e540113c5e46d7b215dfcabb164c1015c9eca7",
      "from": "github:elix/elix#define"
    }
  }
}
