{
  "name": "multiple-version-example",
  "requires": true,
  "lockfileVersion": 1,
  "dependencies": {
    "elix-7": {
      "version": "npm:elix@7.0.0",
      "resolved": "https://registry.npmjs.org/elix/-/elix-7.0.0.tgz",
      "integrity": "sha512-EAG7k4b7j8Qrv9KL5I5c/wgWf7fZ6BpmASuWYFHRwaUdjSDgAa15XnW22ASMjBEVL0YUqzJpbv5O5eNvkc0gLQ=="
    },
    "elix-8": {
      "version": "npm:elix@8.0.0",
      "resolved": "https://registry.npmjs.org/elix/-/elix-8.0.0.tgz",
      "integrity": "sha512-KKdXFsrbGFplF/fiVtEegc5BdnFgAfE/QFFYJOihX+uWA/3YHRSBEuu/ufJG2sHhvL515gHHERY/NvWfmi5Vtg=="
    }
  }
}
